
Microsoft Visual Studio Solution File, Format Version 12.00
# Visual Studio Version 17
VisualStudioVersion = 17.8.34322.80
MinimumVisualStudioVersion = 10.0.40219.1
Project("{9A19103F-16F7-4668-BE54-9A1E7A4F7556}") = "PS.Prototype", "PS.Prototype\PS.Prototype.csproj", "{74D7793B-EE46-4228-B2B0-7B259D4263AE}"
EndProject
Project("{9A19103F-16F7-4668-BE54-9A1E7A4F7556}") = "PipeServiceCore", "PipeServiceCore\PipeServiceCore.csproj", "{33D4F96E-3F0F-49D8-88AA-4042132C8391}"
EndProject
Project("{9A19103F-16F7-4668-BE54-9A1E7A4F7556}") = "PM.Prototype", "PM.Prototype\PM.Prototype.csproj", "{D08E1CE0-DC95-433F-9451-397B05C96BFC}"
EndProject
Project("{9A19103F-16F7-4668-BE54-9A1E7A4F7556}") = "PipeModuleCore", "PipeModuleCore\PipeModuleCore.csproj", "{6E77E875-A8AF-4BAF-AC84-8A2D0045E8C1}"
EndProject
Project("{9A19103F-16F7-4668-BE54-9A1E7A4F7556}") = "PipeManagementCore", "PipeManagementCore\PipeManagementCore.csproj", "{9F26CF5D-1D5A-4FF5-B4BA-BFE07D462613}"
EndProject
Global
	GlobalSection(SolutionConfigurationPlatforms) = preSolution
		Debug|Any CPU = Debug|Any CPU
		Release|Any CPU = Release|Any CPU
		Test|Any CPU = Test|Any CPU
	EndGlobalSection
	GlobalSection(ProjectConfigurationPlatforms) = postSolution
		{74D7793B-EE46-4228-B2B0-7B259D4263AE}.Debug|Any CPU.ActiveCfg = Debug|Any CPU
		{74D7793B-EE46-4228-B2B0-7B259D4263AE}.Debug|Any CPU.Build.0 = Debug|Any CPU
		{74D7793B-EE46-4228-B2B0-7B259D4263AE}.Release|Any CPU.ActiveCfg = Release|Any CPU
		{74D7793B-EE46-4228-B2B0-7B259D4263AE}.Release|Any CPU.Build.0 = Release|Any CPU
		{74D7793B-EE46-4228-B2B0-7B259D4263AE}.Test|Any CPU.ActiveCfg = Debug|Any CPU
		{74D7793B-EE46-4228-B2B0-7B259D4263AE}.Test|Any CPU.Build.0 = Debug|Any CPU
		{33D4F96E-3F0F-49D8-88AA-4042132C8391}.Debug|Any CPU.ActiveCfg = Debug|Any CPU
		{33D4F96E-3F0F-49D8-88AA-4042132C8391}.Debug|Any CPU.Build.0 = Debug|Any CPU
		{33D4F96E-3F0F-49D8-88AA-4042132C8391}.Release|Any CPU.ActiveCfg = Release|Any CPU
		{33D4F96E-3F0F-49D8-88AA-4042132C8391}.Release|Any CPU.Build.0 = Release|Any CPU
		{33D4F96E-3F0F-49D8-88AA-4042132C8391}.Test|Any CPU.ActiveCfg = Debug|Any CPU
		{33D4F96E-3F0F-49D8-88AA-4042132C8391}.Test|Any CPU.Build.0 = Debug|Any CPU
		{D08E1CE0-DC95-433F-9451-397B05C96BFC}.Debug|Any CPU.ActiveCfg = Debug|Any CPU
		{D08E1CE0-DC95-433F-9451-397B05C96BFC}.Debug|Any CPU.Build.0 = Debug|Any CPU
		{D08E1CE0-DC95-433F-9451-397B05C96BFC}.Release|Any CPU.ActiveCfg = Release|Any CPU
		{D08E1CE0-DC95-433F-9451-397B05C96BFC}.Release|Any CPU.Build.0 = Release|Any CPU
		{D08E1CE0-DC95-433F-9451-397B05C96BFC}.Test|Any CPU.ActiveCfg = Debug|Any CPU
		{D08E1CE0-DC95-433F-9451-397B05C96BFC}.Test|Any CPU.Build.0 = Debug|Any CPU
		{6E77E875-A8AF-4BAF-AC84-8A2D0045E8C1}.Debug|Any CPU.ActiveCfg = Debug|Any CPU
		{6E77E875-A8AF-4BAF-AC84-8A2D0045E8C1}.Debug|Any CPU.Build.0 = Debug|Any CPU
		{6E77E875-A8AF-4BAF-AC84-8A2D0045E8C1}.Release|Any CPU.ActiveCfg = Release|Any CPU
		{6E77E875-A8AF-4BAF-AC84-8A2D0045E8C1}.Release|Any CPU.Build.0 = Release|Any CPU
		{6E77E875-A8AF-4BAF-AC84-8A2D0045E8C1}.Test|Any CPU.ActiveCfg = Debug|Any CPU
		{6E77E875-A8AF-4BAF-AC84-8A2D0045E8C1}.Test|Any CPU.Build.0 = Debug|Any CPU
		{9F26CF5D-1D5A-4FF5-B4BA-BFE07D462613}.Debug|Any CPU.ActiveCfg = Debug|Any CPU
		{9F26CF5D-1D5A-4FF5-B4BA-BFE07D462613}.Debug|Any CPU.Build.0 = Debug|Any CPU
		{9F26CF5D-1D5A-4FF5-B4BA-BFE07D462613}.Release|Any CPU.ActiveCfg = Release|Any CPU
		{9F26CF5D-1D5A-4FF5-B4BA-BFE07D462613}.Release|Any CPU.Build.0 = Release|Any CPU
		{9F26CF5D-1D5A-4FF5-B4BA-BFE07D462613}.Test|Any CPU.ActiveCfg = Debug|Any CPU
		{9F26CF5D-1D5A-4FF5-B4BA-BFE07D462613}.Test|Any CPU.Build.0 = Debug|Any CPU
	EndGlobalSection
	GlobalSection(SolutionProperties) = preSolution
		HideSolutionNode = FALSE
	EndGlobalSection
	GlobalSection(ExtensibilityGlobals) = postSolution
		SolutionGuid = {C64E6AA2-960B-494C-8CD5-009CCCC96D6E}
	EndGlobalSection
EndGlobal
